speakeasyVersion: 1.762.0
sources:
    cloud:
        sourceNamespace: xapi
        sourceRevisionDigest: sha256:b379330df3331218178af0ff48c6e4666f454923ca51f605f45f8b534a86cb3c
        sourceBlobDigest: sha256:49cad4e53a84edc97ab847842e70860f0636f8e389e868c80cf4cbbdd4639b81
        tags:
            - latest
            - 3.0.0-beta.112
    local:
        sourceNamespace: xapi
        sourceRevisionDigest: sha256:c8958a44906d7cb262b5abb70159f73eaf15ae72ac950268b56c7fb49e5085d5
        sourceBlobDigest: sha256:49307ab138897a29bc171b6e31e542be918a94762a14149bcb48ab2ee6223095
        tags:
            - latest
            - speakeasy-sdk-regen-1754425035
            - 3.0.0-beta01
targets:
    typescript:
        source: cloud
        sourceNamespace: xapi
        sourceRevisionDigest: sha256:b379330df3331218178af0ff48c6e4666f454923ca51f605f45f8b534a86cb3c
        sourceBlobDigest: sha256:49cad4e53a84edc97ab847842e70860f0636f8e389e868c80cf4cbbdd4639b81
        codeSamplesNamespace: xapi-typescript-code-samples
        codeSamplesRevisionDigest: sha256:2c6c9f6ab99e05b8ad8537ce4d8364232967913f9b286aea6e89b1e00d31eb12
workflow:
    workflowVersion: 1.0.0
    speakeasyVersion: latest
    sources:
        cloud:
            inputs:
                - location: https://s3.amazonaws.com/dp-devportal-images/oas/openapi.yml
            registry:
                location: registry.speakeasyapi.dev/dailypay/dailypay/xapi
    targets:
        typescript:
            target: typescript
            source: cloud
            codeSamples:
                output: codeSamples.yaml
                registry:
                    location: registry.speakeasyapi.dev/dailypay/dailypay/xapi-typescript-code-samples
                langOverride: JavaScript
                labelOverride:
                    omit: true
            testing:
                enabled: true
