speakeasyVersion: 1.592.1
sources:
    local:
        sourceNamespace: xapi
        sourceRevisionDigest: sha256:f4f260b5df66ec3a99246d85072d965c0b4a89bb79e68c59b488ce7ec9b80562
        sourceBlobDigest: sha256:3d760050a18a3df103dcfcdba5d830e7362071d475fc96176f950448262ce127
        tags:
            - latest
            - speakeasy-sdk-regen-1753761291
            - 3.0.0-beta01
targets:
    typescript:
        source: local
        sourceNamespace: xapi
        sourceRevisionDigest: sha256:f4f260b5df66ec3a99246d85072d965c0b4a89bb79e68c59b488ce7ec9b80562
        sourceBlobDigest: sha256:3d760050a18a3df103dcfcdba5d830e7362071d475fc96176f950448262ce127
        codeSamplesNamespace: xapi
        codeSamplesRevisionDigest: sha256:d5eae66db977904abbaa9906e70fec4ee2c1e4a72ad7a2aedff0e6fa4530b2d8
workflow:
    workflowVersion: 1.0.0
    speakeasyVersion: latest
    sources:
        local:
            inputs:
                - location: source/sdks.openapi.yaml
            registry:
                location: registry.speakeasyapi.dev/dailypay/dailypay/xapi
    targets:
        typescript:
            target: typescript
            source: local
            codeSamples:
                output: codeSamples.yaml
                registry:
                    location: registry.speakeasyapi.dev/dailypay/dailypay/xapi
            testing:
                enabled: true
